
Microsoft Visual Studio Solution File, Format Version 12.00
# Visual Studio Version 17
VisualStudioVersion = 17.2.32630.192
MinimumVisualStudioVersion = 10.0.40219.1
Project("{FAE04EC0-301F-11D3-BF4B-00C04F79EFBC}") = "project.3", "project.3\project.3.csproj", "{520DDD6F-C454-42EA-B49E-661C86FBFFF8}"
EndProject
Global
	GlobalSection(SolutionConfigurationPlatforms) = preSolution
		Debug|Any CPU = Debug|Any CPU
		Release|Any CPU = Release|Any CPU
	EndGlobalSection
	GlobalSection(ProjectConfigurationPlatforms) = postSolution
		{520DDD6F-C454-42EA-B49E-661C86FBFFF8}.Debug|Any CPU.ActiveCfg = Debug|Any CPU
		{520DDD6F-C454-42EA-B49E-661C86FBFFF8}.Debug|Any CPU.Build.0 = Debug|Any CPU
		{520DDD6F-C454-42EA-B49E-661C86FBFFF8}.Release|Any CPU.ActiveCfg = Release|Any CPU
		{520DDD6F-C454-42EA-B49E-661C86FBFFF8}.Release|Any CPU.Build.0 = Release|Any CPU
	EndGlobalSection
	GlobalSection(SolutionProperties) = preSolution
		HideSolutionNode = FALSE
	EndGlobalSection
	GlobalSection(ExtensibilityGlobals) = postSolution
		SolutionGuid = {A003F5FF-C50B-4344-AB04-720B86CB9F52}
	EndGlobalSection
EndGlobal
